
Microsoft Visual Studio Solution File, Format Version 12.00
# Visual Studio Version 17
VisualStudioVersion = 17.0.31912.275
MinimumVisualStudioVersion = 10.0.40219.1
Project("{FAE04EC0-301F-11D3-BF4B-00C04F79EFBC}") = "WebApplication1", "WebApplication1\WebApplication1.csproj", "{D974B9EF-9043-4F0D-9A91-C9D0F271B045}"
EndProject
Global
	GlobalSection(SolutionConfigurationPlatforms) = preSolution
		Debug|Any CPU = Debug|Any CPU
		Release|Any CPU = Release|Any CPU
	EndGlobalSection
	GlobalSection(ProjectConfigurationPlatforms) = postSolution
		{D974B9EF-9043-4F0D-9A91-C9D0F271B045}.Debug|Any CPU.ActiveCfg = Debug|Any CPU
		{D974B9EF-9043-4F0D-9A91-C9D0F271B045}.Debug|Any CPU.Build.0 = Debug|Any CPU
		{D974B9EF-9043-4F0D-9A91-C9D0F271B045}.Release|Any CPU.ActiveCfg = Release|Any CPU
		{D974B9EF-9043-4F0D-9A91-C9D0F271B045}.Release|Any CPU.Build.0 = Release|Any CPU
	EndGlobalSection
	GlobalSection(SolutionProperties) = preSolution
		HideSolutionNode = FALSE
	EndGlobalSection
	GlobalSection(ExtensibilityGlobals) = postSolution
		SolutionGuid = {8F917A2F-5D8F-4DFB-B984-5ED0A959F7A2}
	EndGlobalSection
EndGlobal
